
Microsoft Visual Studio Solution File, Format Version 12.00
# Visual Studio 15
VisualStudioVersion = 15.0.26621.2
MinimumVisualStudioVersion = 10.0.40219.1
Project("{9A19103F-16F7-4668-BE54-9A1E7A4F7556}") = "Yllibed.StreamMultiplexer.Core", "Yllibed.StreamMultiplexer.Core\Yllibed.StreamMultiplexer.Core.csproj", "{2A2070CD-8EA0-40E5-B9FB-A2DC5A4EAB4A}"
EndProject
Project("{9A19103F-16F7-4668-BE54-9A1E7A4F7556}") = "Yllibed.StreamMultiplexer.Tests", "Yllibed.StreamMultiplexer.Tests\Yllibed.StreamMultiplexer.Tests.csproj", "{9CE7939A-DCA9-4BC0-96BC-07DBD7FCE95F}"
EndProject
Project("{FAE04EC0-301F-11D3-BF4B-00C04F79EFBC}") = "Yllibed.TestStream", "Yllibed.TestStream\Yllibed.TestStream.csproj", "{0846831C-CD5B-4BA5-9F00-89ABD223C52C}"
EndProject
Global
	GlobalSection(SolutionConfigurationPlatforms) = preSolution
		Debug|Any CPU = Debug|Any CPU
		Release|Any CPU = Release|Any CPU
	EndGlobalSection
	GlobalSection(ProjectConfigurationPlatforms) = postSolution
		{2A2070CD-8EA0-40E5-B9FB-A2DC5A4EAB4A}.Debug|Any CPU.ActiveCfg = Debug|Any CPU
		{2A2070CD-8EA0-40E5-B9FB-A2DC5A4EAB4A}.Debug|Any CPU.Build.0 = Debug|Any CPU
		{2A2070CD-8EA0-40E5-B9FB-A2DC5A4EAB4A}.Release|Any CPU.ActiveCfg = Release|Any CPU
		{2A2070CD-8EA0-40E5-B9FB-A2DC5A4EAB4A}.Release|Any CPU.Build.0 = Release|Any CPU
		{9CE7939A-DCA9-4BC0-96BC-07DBD7FCE95F}.Debug|Any CPU.ActiveCfg = Debug|Any CPU
		{9CE7939A-DCA9-4BC0-96BC-07DBD7FCE95F}.Debug|Any CPU.Build.0 = Debug|Any CPU
		{9CE7939A-DCA9-4BC0-96BC-07DBD7FCE95F}.Release|Any CPU.ActiveCfg = Release|Any CPU
		{9CE7939A-DCA9-4BC0-96BC-07DBD7FCE95F}.Release|Any CPU.Build.0 = Release|Any CPU
		{0846831C-CD5B-4BA5-9F00-89ABD223C52C}.Debug|Any CPU.ActiveCfg = Debug|Any CPU
		{0846831C-CD5B-4BA5-9F00-89ABD223C52C}.Debug|Any CPU.Build.0 = Debug|Any CPU
		{0846831C-CD5B-4BA5-9F00-89ABD223C52C}.Release|Any CPU.ActiveCfg = Release|Any CPU
		{0846831C-CD5B-4BA5-9F00-89ABD223C52C}.Release|Any CPU.Build.0 = Release|Any CPU
	EndGlobalSection
	GlobalSection(SolutionProperties) = preSolution
		HideSolutionNode = FALSE
	EndGlobalSection
	GlobalSection(ExtensibilityGlobals) = postSolution
		SolutionGuid = {C596977C-DEA2-4EFC-A3E2-4760542143FE}
	EndGlobalSection
EndGlobal
